github.com/mattn/go-runewidth v0.0.9 h1:Lm995f3rfxdpd6TSmuVCHVb/QhupuXlYr8sCI/QdE+0=
github.com/mattn/go-runewidth v0.0.9/go.mod h1:H031xJmbD/WCDINGzjvQ9THkh0rPKHF+m2gUSrubnMI=
github.com/nsf/termbox-go v0.0.0-20200204031403-4d2b513ad8be h1:yzmWtPyxEUIKdZg4RcPq64MfS8NA6A5fNOJgYhpR9EQ=
github.com/nsf/termbox-go v0.0.0-20200204031403-4d2b513ad8be/go.mod h1:IuKpRQcYE1Tfu+oAQqaLisqDeXgjyyltCfsaoYN18NQ=
github.com/oltarzewskik/gocui v0.1.1 h1:fNZdVA/Cu3MLxncmGs0Jl1oPoJGvdlBsZFr+lLdU7NE=
github.com/oltarzewskik/gocui v0.1.1/go.mod h1:VDluuQmfiB7LB0qPNsFbSxbg3jSRVHyGIm9SvATRzuQ=
github.com/oltarzewskik/gocui v0.1.2 h1:bVEDXU4AyUZR35ZzWcSiYJ4x4WV0YAsoMWSZ+rFogpk=
github.com/oltarzewskik/gocui v0.1.2/go.mod h1:VDluuQmfiB7LB0qPNsFbSxbg3jSRVHyGIm9SvATRzuQ=
github.com/oltarzewskik/tibivi-gocui v0.0.1 h1:iBAqfPbr4lgHPyS0iD1Wig7Fz72GPCwXm9U06ukNKtU=
github.com/oltarzewskik/tibivi-gocui v0.0.1/go.mod h1:IyAoBPywG+Y2r1cynIMDAoR25KKEGhVbzIAB+P9+wtk=
